dependencies:
- name: mariadb
  repository: https://charts.bitnami.com/bitnami
  version: 10.4.0
- name: redis
  repository: https://charts.bitnami.com/bitnami
  version: 16.5.2
digest: sha256:bf43ae2a61ce810f4566e051f0ab72fb3b663ed3ca1cb61886da725941334ca3
generated: "2022-03-14T15:31:24.126110396Z"
