dependencies:
- name: mariadb
  repository: https://charts.bitnami.com/bitnami
  version: 11.0.14
- name: redis
  repository: https://charts.bitnami.com/bitnami
  version: 16.13.2
digest: sha256:0e263c0955f9145caf2d2fd3357b33dc3b349c205adebe2ffb0b06836d2ea1a8
generated: "2022-09-27T15:59:16.670811538+01:00"
